// !$*UTF8*$!
{
	archiveVersion = 1;
	classes = {
	};
	objectVersion = 48;
	objects = {

/* Begin PBXBuildFile section */
		DD2034AA2064319A00E51487 /* AppDelegate.swift in Sources */ = {isa = PBXBuildFile; fileRef = DD2034A92064319A00E51487 /* AppDelegate.swift */; };
		DD2034AC2064319A00E51487 /* ViewController.swift in Sources */ = {isa = PBXBuildFile; fileRef = DD2034AB2064319A00E51487 /* ViewController.swift */; };
		DD2034AF2064319A00E51487 /* Main.storyboard in Resources */ = {isa = PBXBuildFile; fileRef = DD2034AD2064319A00E51487 /* Main.storyboard */; };
		DD2034B12064319A00E51487 /* Assets.xcassets in Resources */ = {isa = PBXBuildFile; fileRef = DD2034B02064319A00E51487 /* Assets.xcassets */; };
		DD2034B42064319A00E51487 /* LaunchScreen.storyboard in Resources */ = {isa = PBXBuildFile; fileRef = DD2034B22064319A00E51487 /* LaunchScreen.storyboard */; };
		DD2034BF2064319A00E51487 /* assessment1iOSTests.swift in Sources */ = {isa = PBXBuildFile; fileRef = DD2034BE2064319A00E51487 /* assessment1iOSTests.swift */; };
		DD2034CA2064319A00E51487 /* assessment1iOSUITests.swift in Sources */ = {isa = PBXBuildFile; fileRef = DD2034C92064319A00E51487 /* assessment1iOSUITests.swift */; };
/* End PBXBuildFile section */

/* Begin PBXContainerItemProxy section */
		DD2034BB2064319A00E51487 /* PBXContainerItemProxy */ = {
			isa = PBXContainerItemProxy;
			containerPortal = DD20349E2064319A00E51487 /* Project object */;
			proxyType = 1;
			remoteGlobalIDString = DD2034A52064319A00E51487;
			remoteInfo = assessment1iOS;
		};
		DD2034C62064319A00E51487 /* PBXContainerItemProxy */ = {
			isa = PBXContainerItemProxy;
			containerPortal = DD20349E2064319A00E51487 /* Project object */;
			proxyType = 1;
			remoteGlobalIDString = DD2034A52064319A00E51487;
			remoteInfo = assessment1iOS;
		};
/* End PBXContainerItemProxy section */

/* Begin PBXFileReference section */
		DD2034A62064319A00E51487 /* assessment1iOS.app */ = {isa = PBXFileReference; explicitFileType = wrapper.application; includeInIndex = 0; path = assessment1iOS.app; sourceTree = BUILT_PRODUCTS_DIR; };
		DD2034A92064319A00E51487 /* AppDelegate.swift */ = {isa = PBXFileReference; lastKnownFileType = sourcecode.swift; path = AppDelegate.swift; sourceTree = "<group>"; };
		DD2034AB2064319A00E51487 /* ViewController.swift */ = {isa = PBXFileReference; lastKnownFileType = sourcecode.swift; path = ViewController.swift; sourceTree = "<group>"; };
		DD2034AE2064319A00E51487 /* Base */ = {isa = PBXFileReference; lastKnownFileType = file.storyboard; name = Base; path = Base.lproj/Main.storyboard; sourceTree = "<group>"; };
		DD2034B02064319A00E51487 /* Assets.xcassets */ = {isa = PBXFileReference; lastKnownFileType = folder.assetcatalog; path = Assets.xcassets; sourceTree = "<group>"; };
		DD2034B32064319A00E51487 /* Base */ = {isa = PBXFileReference; lastKnownFileType = file.storyboard; name = Base; path = Base.lproj/LaunchScreen.storyboard; sourceTree = "<group>"; };
		DD2034B52064319A00E51487 /* Info.plist */ = {isa = PBXFileReference; lastKnownFileType = text.plist.xml; path = Info.plist; sourceTree = "<group>"; };
		DD2034BA2064319A00E51487 /* assessment1iOSTests.xctest */ = {isa = PBXFileReference; explicitFileType = wrapper.cfbundle; includeInIndex = 0; path = assessment1iOSTests.xctest; sourceTree = BUILT_PRODUCTS_DIR; };
		DD2034BE2064319A00E51487 /* assessment1iOSTests.swift */ = {isa = PBXFileReference; lastKnownFileType = sourcecode.swift; path = assessment1iOSTests.swift; sourceTree = "<group>"; };
		DD2034C02064319A00E51487 /* Info.plist */ = {isa = PBXFileReference; lastKnownFileType = text.plist.xml; path = Info.plist; sourceTree = "<group>"; };
		DD2034C52064319A00E51487 /* assessment1iOSUITests.xctest */ = {isa = PBXFileReference; explicitFileType = wrapper.cfbundle; includeInIndex = 0; path = assessment1iOSUITests.xctest; sourceTree = BUILT_PRODUCTS_DIR; };
		DD2034C92064319A00E51487 /* assessment1iOSUITests.swift */ = {isa = PBXFileReference; lastKnownFileType = sourcecode.swift; path = assessment1iOSUITests.swift; sourceTree = "<group>"; };
		DD2034CB2064319A00E51487 /* Info.plist */ = {isa = PBXFileReference; lastKnownFileType = text.plist.xml; path = Info.plist; sourceTree = "<group>"; };
/* End PBXFileReference section */

/* Begin PBXFrameworksBuildPhase section */
		DD2034A32064319A00E51487 /* Frameworks */ = {
			isa = PBXFrameworksBuildPhase;
			buildActionMask = 2147483647;
			files = (
			);
			runOnlyForDeploymentPostprocessing = 0;
		};
		DD2034B72064319A00E51487 /* Frameworks */ = {
			isa = PBXFrameworksBuildPhase;
			buildActionMask = 2147483647;
			files = (
			);
			runOnlyForDeploymentPostprocessing = 0;
		};
		DD2034C22064319A00E51487 /* Frameworks */ = {
			isa = PBXFrameworksBuildPhase;
			buildActionMask = 2147483647;
			files = (
			);
			runOnlyForDeploymentPostprocessing = 0;
		};
/* End PBXFrameworksBuildPhase section */

/* Begin PBXGroup section */
		DD20349D2064319A00E51487 = {
			isa = PBXGroup;
			children = (
				DD2034A82064319A00E51487 /* assessment1iOS */,
				DD2034BD2064319A00E51487 /* assessment1iOSTests */,
				DD2034C82064319A00E51487 /* assessment1iOSUITests */,
				DD2034A72064319A00E51487 /* Products */,
			);
			sourceTree = "<group>";
		};
		DD2034A72064319A00E51487 /* Products */ = {
			isa = PBXGroup;
			children = (
				DD2034A62064319A00E51487 /* assessment1iOS.app */,
				DD2034BA2064319A00E51487 /* assessment1iOSTests.xctest */,
				DD2034C52064319A00E51487 /* assessment1iOSUITests.xctest */,
			);
			name = Products;
			sourceTree = "<group>";
		};
		DD2034A82064319A00E51487 /* assessment1iOS */ = {
			isa = PBXGroup;
			children = (
				DD2034A92064319A00E51487 /* AppDelegate.swift */,
				DD2034AB2064319A00E51487 /* ViewController.swift */,
				DD2034AD2064319A00E51487 /* Main.storyboard */,
				DD2034B02064319A00E51487 /* Assets.xcassets */,
				DD2034B22064319A00E51487 /* LaunchScreen.storyboard */,
				DD2034B52064319A00E51487 /* Info.plist */,
			);
			path = assessment1iOS;
			sourceTree = "<group>";
		};
		DD2034BD2064319A00E51487 /* assessment1iOSTests */ = {
			isa = PBXGroup;
			children = (
				DD2034BE2064319A00E51487 /* assessment1iOSTests.swift */,
				DD2034C02064319A00E51487 /* Info.plist */,
			);
			path = assessment1iOSTests;
			sourceTree = "<group>";
		};
		DD2034C82064319A00E51487 /* assessment1iOSUITests */ = {
			isa = PBXGroup;
			children = (
				DD2034C92064319A00E51487 /* assessment1iOSUITests.swift */,
				DD2034CB2064319A00E51487 /* Info.plist */,
			);
			path = assessment1iOSUITests;
			sourceTree = "<group>";
		};
/* End PBXGroup section */

/* Begin PBXNativeTarget section */
		DD2034A52064319A00E51487 /* assessment1iOS */ = {
			isa = PBXNativeTarget;
			buildConfigurationList = DD2034CE2064319A00E51487 /* Build configuration list for PBXNativeTarget "assessment1iOS" */;
			buildPhases = (
				DD2034A22064319A00E51487 /* Sources */,
				DD2034A32064319A00E51487 /* Frameworks */,
				DD2034A42064319A00E51487 /* Resources */,
			);
			buildRules = (
			);
			dependencies = (
			);
			name = assessment1iOS;
			productName = assessment1iOS;
			productReference = DD2034A62064319A00E51487 /* assessment1iOS.app */;
			productType = "com.apple.product-type.application";
		};
		DD2034B92064319A00E51487 /* assessment1iOSTests */ = {
			isa = PBXNativeTarget;
			buildConfigurationList = DD2034D12064319A00E51487 /* Build configuration list for PBXNativeTarget "assessment1iOSTests" */;
			buildPhases = (
				DD2034B62064319A00E51487 /* Sources */,
				DD2034B72064319A00E51487 /* Frameworks */,
				DD2034B82064319A00E51487 /* Resources */,
			);
			buildRules = (
			);
			dependencies = (
				DD2034BC2064319A00E51487 /* PBXTargetDependency */,
			);
			name = assessment1iOSTests;
			productName = assessment1iOSTests;
			productReference = DD2034BA2064319A00E51487 /* assessment1iOSTests.xctest */;
			productType = "com.apple.product-type.bundle.unit-test";
		};
		DD2034C42064319A00E51487 /* assessment1iOSUITests */ = {
			isa = PBXNativeTarget;
			buildConfigurationList = DD2034D42064319A00E51487 /* Build configuration list for PBXNativeTarget "assessment1iOSUITests" */;
			buildPhases = (
				DD2034C12064319A00E51487 /* Sources */,
				DD2034C22064319A00E51487 /* Frameworks */,
				DD2034C32064319A00E51487 /* Resources */,
			);
			buildRules = (
			);
			dependencies = (
				DD2034C72064319A00E51487 /* PBXTargetDependency */,
			);
			name = assessment1iOSUITests;
			productName = assessment1iOSUITests;
			productReference = DD2034C52064319A00E51487 /* assessment1iOSUITests.xctest */;
			productType = "com.apple.product-type.bundle.ui-testing";
		};
/* End PBXNativeTarget section */

/* Begin PBXProject section */
		DD20349E2064319A00E51487 /* Project object */ = {
			isa = PBXProject;
			attributes = {
				LastSwiftUpdateCheck = 0920;
				LastUpgradeCheck = 0920;
				ORGANIZATIONNAME = "Thomas Dimeny";
				TargetAttributes = {
					DD2034A52064319A00E51487 = {
						CreatedOnToolsVersion = 9.2;
						ProvisioningStyle = Automatic;
					};
					DD2034B92064319A00E51487 = {
						CreatedOnToolsVersion = 9.2;
						ProvisioningStyle = Automatic;
						TestTargetID = DD2034A52064319A00E51487;
					};
					DD2034C42064319A00E51487 = {
						CreatedOnToolsVersion = 9.2;
						ProvisioningStyle = Automatic;
						TestTargetID = DD2034A52064319A00E51487;
					};
				};
			};
			buildConfigurationList = DD2034A12064319A00E51487 /* Build configuration list for PBXProject "assessment1iOS" */;
			compatibilityVersion = "Xcode 8.0";
			developmentRegion = en;
			hasScannedForEncodings = 0;
			knownRegions = (
				en,
				Base,
			);
			mainGroup = DD20349D2064319A00E51487;
			productRefGroup = DD2034A72064319A00E51487 /* Products */;
			projectDirPath = "";
			projectRoot = "";
			targets = (
				DD2034A52064319A00E51487 /* assessment1iOS */,
				DD2034B92064319A00E51487 /* assessment1iOSTests */,
				DD2034C42064319A00E51487 /* assessment1iOSUITests */,
			);
		};
/* End PBXProject section */

/* Begin PBXResourcesBuildPhase section */
		DD2034A42064319A00E51487 /* Resources */ = {
			isa = PBXResourcesBuildPhase;
			buildActionMask = 2147483647;
			files = (
				DD2034B42064319A00E51487 /* LaunchScreen.storyboard in Resources */,
				DD2034B12064319A00E51487 /* Assets.xcassets in Resources */,
				DD2034AF2064319A00E51487 /* Main.storyboard in Resources */,
			);
			runOnlyForDeploymentPostprocessing = 0;
		};
		DD2034B82064319A00E51487 /* Resources */ = {
			isa = PBXResourcesBuildPhase;
			buildActionMask = 2147483647;
			files = (
			);
			runOnlyForDeploymentPostprocessing = 0;
		};
		DD2034C32064319A00E51487 /* Resources */ = {
			isa = PBXResourcesBuildPhase;
			buildActionMask = 2147483647;
			files = (
			);
			runOnlyForDeploymentPostprocessing = 0;
		};
/* End PBXResourcesBuildPhase section */

/* Begin PBXSourcesBuildPhase section */
		DD2034A22064319A00E51487 /* Sources */ = {
			isa = PBXSourcesBuildPhase;
			buildActionMask = 2147483647;
			files = (
				DD2034AC2064319A00E51487 /* ViewController.swift in Sources */,
				DD2034AA2064319A00E51487 /* AppDelegate.swift in Sources */,
			);
			runOnlyForDeploymentPostprocessing = 0;
		};
		DD2034B62064319A00E51487 /* Sources */ = {
			isa = PBXSourcesBuildPhase;
			buildActionMask = 2147483647;
			files = (
				DD2034BF2064319A00E51487 /* assessment1iOSTests.swift in Sources */,
			);
			runOnlyForDeploymentPostprocessing = 0;
		};
		DD2034C12064319A00E51487 /* Sources */ = {
			isa = PBXSourcesBuildPhase;
			buildActionMask = 2147483647;
			files = (
				DD2034CA2064319A00E51487 /* assessment1iOSUITests.swift in Sources */,
			);
			runOnlyForDeploymentPostprocessing = 0;
		};
/* End PBXSourcesBuildPhase section */

/* Begin PBXTargetDependency section */
		DD2034BC2064319A00E51487 /* PBXTargetDependency */ = {
			isa = PBXTargetDependency;
			target = DD2034A52064319A00E51487 /* assessment1iOS */;
			targetProxy = DD2034BB2064319A00E51487 /* PBXContainerItemProxy */;
		};
		DD2034C72064319A00E51487 /* PBXTargetDependency */ = {
			isa = PBXTargetDependency;
			target = DD2034A52064319A00E51487 /* assessment1iOS */;
			targetProxy = DD2034C62064319A00E51487 /* PBXContainerItemProxy */;
		};
/* End PBXTargetDependency section */

/* Begin PBXVariantGroup section */
		DD2034AD2064319A00E51487 /* Main.storyboard */ = {
			isa = PBXVariantGroup;
			children = (
				DD2034AE2064319A00E51487 /* Base */,
			);
			name = Main.storyboard;
			sourceTree = "<group>";
		};
		DD2034B22064319A00E51487 /* LaunchScreen.storyboard */ = {
			isa = PBXVariantGroup;
			children = (
				DD2034B32064319A00E51487 /* Base */,
			);
			name = LaunchScreen.storyboard;
			sourceTree = "<group>";
		};
/* End PBXVariantGroup section */

/* Begin XCBuildConfiguration section */
		DD2034CC2064319A00E51487 /* Debug */ = {
			isa = XCBuildConfiguration;
			buildSettings = {
				ALWAYS_SEARCH_USER_PATHS = NO;
				CLANG_ANALYZER_NONNULL = YES;
				CLANG_ANALYZER_NUMBER_OBJECT_CONVERSION = YES_AGGRESSIVE;
				CLANG_CXX_LANGUAGE_STANDARD = "gnu++14";
				CLANG_CXX_LIBRARY = "libc++";
				CLANG_ENABLE_MODULES = YES;
				CLANG_ENABLE_OBJC_ARC = YES;
				CLANG_WARN_BLOCK_CAPTURE_AUTORELEASING = YES;
				CLANG_WARN_BOOL_CONVERSION = YES;
				CLANG_WARN_COMMA = YES;
				CLANG_WARN_CONSTANT_CONVERSION = YES;
				CLANG_WARN_DIRECT_OBJC_ISA_USAGE = YES_ERROR;
				CLANG_WARN_DOCUMENTATION_COMMENTS = YES;
				CLANG_WARN_EMPTY_BODY = YES;
				CLANG_WARN_ENUM_CONVERSION = YES;
				CLANG_WARN_INFINITE_RECURSION = YES;
				CLANG_WARN_INT_CONVERSION = YES;
				CLANG_WARN_NON_LITERAL_NULL_CONVERSION = YES;
				CLANG_WARN_OBJC_LITERAL_CONVERSION = YES;
				CLANG_WARN_OBJC_ROOT_CLASS = YES_ERROR;
				CLANG_WARN_RANGE_LOOP_ANALYSIS = YES;
				CLANG_WARN_STRICT_PROTOTYPES = YES;
				CLANG_WARN_SUSPICIOUS_MOVE = YES;
				CLANG_WARN_UNGUARDED_AVAILABILITY = YES_AGGRESSIVE;
				CLANG_WARN_UNREACHABLE_CODE = YES;
				CLANG_WARN__DUPLICATE_METHOD_MATCH = YES;
				CODE_SIGN_IDENTITY = "iPhone Developer";
				COPY_PHASE_STRIP = NO;
				DEBUG_INFORMATION_FORMAT = dwarf;
				ENABLE_STRICT_OBJC_MSGSEND = YES;
				ENABLE_TESTABILITY = YES;
				GCC_C_LANGUAGE_STANDARD = gnu11;
				GCC_DYNAMIC_NO_PIC = NO;
				GCC_NO_COMMON_BLOCKS = YES;
				GCC_OPTIMIZATION_LEVEL = 0;
				GCC_PREPROCESSOR_DEFINITIONS = (
					"DEBUG=1",
					"$(inherited)",
				);
				GCC_WARN_64_TO_32_BIT_CONVERSION = YES;
				GCC_WARN_ABOUT_RETURN_TYPE = YES_ERROR;
				GCC_WARN_UNDECLARED_SELECTOR = YES;
				GCC_WARN_UNINITIALIZED_AUTOS = YES_AGGRESSIVE;
				GCC_WARN_UNUSED_FUNCTION = YES;
				GCC_WARN_UNUSED_VARIABLE = YES;
				IPHONEOS_DEPLOYMENT_TARGET = 11.2;
				MTL_ENABLE_DEBUG_INFO = YES;
				ONLY_ACTIVE_ARCH = YES;
				SDKROOT = iphoneos;
				SWIFT_ACTIVE_COMPILATION_CONDITIONS = DEBUG;
				SWIFT_OPTIMIZATION_LEVEL = "-Onone";
			};
			name = Debug;
		};
		DD2034CD2064319A00E51487 /* Release */ = {
			isa = XCBuildConfiguration;
			buildSettings = {
				ALWAYS_SEARCH_USER_PATHS = NO;
				CLANG_ANALYZER_NONNULL = YES;
				CLANG_ANALYZER_NUMBER_OBJECT_CONVERSION = YES_AGGRESSIVE;
				CLANG_CXX_LANGUAGE_STANDARD = "gnu++14";
				CLANG_CXX_LIBRARY = "libc++";
				CLANG_ENABLE_MODULES = YES;
				CLANG_ENABLE_OBJC_ARC = YES;
				CLANG_WARN_BLOCK_CAPTURE_AUTORELEASING = YES;
				CLANG_WARN_BOOL_CONVERSION = YES;
				CLANG_WARN_COMMA = YES;
				CLANG_WARN_CONSTANT_CONVERSION = YES;
				CLANG_WARN_DIRECT_OBJC_ISA_USAGE = YES_ERROR;
				CLANG_WARN_DOCUMENTATION_COMMENTS = YES;
				CLANG_WARN_EMPTY_BODY = YES;
				CLANG_WARN_ENUM_CONVERSION = YES;
				CLANG_WARN_INFINITE_RECURSION = YES;
				CLANG_WARN_INT_CONVERSION = YES;
				CLANG_WARN_NON_LITERAL_NULL_CONVERSION = YES;
				CLANG_WARN_OBJC_LITERAL_CONVERSION = YES;
				CLANG_WARN_OBJC_ROOT_CLASS = YES_ERROR;
				CLANG_WARN_RANGE_LOOP_ANALYSIS = YES;
				CLANG_WARN_STRICT_PROTOTYPES = YES;
				CLANG_WARN_SUSPICIOUS_MOVE = YES;
				CLANG_WARN_UNGUARDED_AVAILABILITY = YES_AGGRESSIVE;
				CLANG_WARN_UNREACHABLE_CODE = YES;
				CLANG_WARN__DUPLICATE_METHOD_MATCH = YES;
				CODE_SIGN_IDENTITY = "iPhone Developer";
				COPY_PHASE_STRIP = NO;
				DEBUG_INFORMATION_FORMAT = "dwarf-with-dsym";
				ENABLE_NS_ASSERTIONS = NO;
				ENABLE_STRICT_OBJC_MSGSEND = YES;
				GCC_C_LANGUAGE_STANDARD = gnu11;
				GCC_NO_COMMON_BLOCKS = YES;
				GCC_WARN_64_TO_32_BIT_CONVERSION = YES;
				GCC_WARN_ABOUT_RETURN_TYPE = YES_ERROR;
				GCC_WARN_UNDECLARED_SELECTOR = YES;
				GCC_WARN_UNINITIALIZED_AUTOS = YES_AGGRESSIVE;
				GCC_WARN_UNUSED_FUNCTION = YES;
				GCC_WARN_UNUSED_VARIABLE = YES;
				IPHONEOS_DEPLOYMENT_TARGET = 11.2;
				MTL_ENABLE_DEBUG_INFO = NO;
				SDKROOT = iphoneos;
				SWIFT_OPTIMIZATION_LEVEL = "-Owholemodule";
				VALIDATE_PRODUCT = YES;
			};
			name = Release;
		};
		DD2034CF2064319A00E51487 /* Debug */ = {
			isa = XCBuildConfiguration;
			buildSettings = {
				ASSETCATALOG_COMPILER_APPICON_NAME = AppIcon;
				CODE_SIGN_STYLE = Automatic;
				INFOPLIST_FILE = assessment1iOS/Info.plist;
				LD_RUNPATH_SEARCH_PATHS = "$(inherited) @executable_path/Frameworks";
				PRODUCT_BUNDLE_IDENTIFIER = thomas.assessment1iOS;
				PRODUCT_NAME = "$(TARGET_NAME)";
				SWIFT_VERSION = 4.0;
				TARGETED_DEVICE_FAMILY = "1,2";
			};
			name = Debug;
		};
		DD2034D02064319A00E51487 /* Release */ = {
			isa = XCBuildConfiguration;
			buildSettings = {
				ASSETCATALOG_COMPILER_APPICON_NAME = AppIcon;
				CODE_SIGN_STYLE = Automatic;
				INFOPLIST_FILE = assessment1iOS/Info.plist;
				LD_RUNPATH_SEARCH_PATHS = "$(inherited) @executable_path/Frameworks";
				PRODUCT_BUNDLE_IDENTIFIER = thomas.assessment1iOS;
				PRODUCT_NAME = "$(TARGET_NAME)";
				SWIFT_VERSION = 4.0;
				TARGETED_DEVICE_FAMILY = "1,2";
			};
			name = Release;
		};
		DD2034D22064319A00E51487 /* Debug */ = {
			isa = XCBuildConfiguration;
			buildSettings = {
				ALWAYS_EMBED_SWIFT_STANDARD_LIBRARIES = YES;
				BUNDLE_LOADER = "$(TEST_HOST)";
				CODE_SIGN_STYLE = Automatic;
				INFOPLIST_FILE = assessment1iOSTests/Info.plist;
				LD_RUNPATH_SEARCH_PATHS = "$(inherited) @executable_path/Frameworks @loader_path/Frameworks";
				PRODUCT_BUNDLE_IDENTIFIER = thomas.assessment1iOSTests;
				PRODUCT_NAME = "$(TARGET_NAME)";
				SWIFT_VERSION = 4.0;
				TARGETED_DEVICE_FAMILY = "1,2";
				TEST_HOST = "$(BUILT_PRODUCTS_DIR)/assessment1iOS.app/assessment1iOS";
			};
			name = Debug;
		};
		DD2034D32064319A00E51487 /* Release */ = {
			isa = XCBuildConfiguration;
			buildSettings = {
				ALWAYS_EMBED_SWIFT_STANDARD_LIBRARIES = YES;
				BUNDLE_LOADER = "$(TEST_HOST)";
				CODE_SIGN_STYLE = Automatic;
				INFOPLIST_FILE = assessment1iOSTests/Info.plist;
				LD_RUNPATH_SEARCH_PATHS = "$(inherited) @executable_path/Frameworks @loader_path/Frameworks";
				PRODUCT_BUNDLE_IDENTIFIER = thomas.assessment1iOSTests;
				PRODUCT_NAME = "$(TARGET_NAME)";
				SWIFT_VERSION = 4.0;
				TARGETED_DEVICE_FAMILY = "1,2";
				TEST_HOST = "$(BUILT_PRODUCTS_DIR)/assessment1iOS.app/assessment1iOS";
			};
			name = Release;
		};
		DD2034D52064319A00E51487 /* Debug */ = {
			isa = XCBuildConfiguration;
			buildSettings = {
				ALWAYS_EMBED_SWIFT_STANDARD_LIBRARIES = YES;
				CODE_SIGN_STYLE = Automatic;
				INFOPLIST_FILE = assessment1iOSUITests/Info.plist;
				LD_RUNPATH_SEARCH_PATHS = "$(inherited) @executable_path/Frameworks @loader_path/Frameworks";
				PRODUCT_BUNDLE_IDENTIFIER = thomas.assessment1iOSUITests;
				PRODUCT_NAME = "$(TARGET_NAME)";
				SWIFT_VERSION = 4.0;
				TARGETED_DEVICE_FAMILY = "1,2";
				TEST_TARGET_NAME = assessment1iOS;
			};
			name = Debug;
		};
		DD2034D62064319A00E51487 /* Release */ = {
			isa = XCBuildConfiguration;
			buildSettings = {
				ALWAYS_EMBED_SWIFT_STANDARD_LIBRARIES = YES;
				CODE_SIGN_STYLE = Automatic;
				INFOPLIST_FILE = assessment1iOSUITests/Info.plist;
				LD_RUNPATH_SEARCH_PATHS = "$(inherited) @executable_path/Frameworks @loader_path/Frameworks";
				PRODUCT_BUNDLE_IDENTIFIER = thomas.assessment1iOSUITests;
				PRODUCT_NAME = "$(TARGET_NAME)";
				SWIFT_VERSION = 4.0;
				TARGETED_DEVICE_FAMILY = "1,2";
				TEST_TARGET_NAME = assessment1iOS;
			};
			name = Release;
		};
/* End XCBuildConfiguration section */

/* Begin XCConfigurationList section */
		DD2034A12064319A00E51487 /* Build configuration list for PBXProject "assessment1iOS" */ = {
			isa = XCConfigurationList;
			buildConfigurations = (
				DD2034CC2064319A00E51487 /* Debug */,
				DD2034CD2064319A00E51487 /* Release */,
			);
			defaultConfigurationIsVisible = 0;
			defaultConfigurationName = Release;
		};
		DD2034CE2064319A00E51487 /* Build configuration list for PBXNativeTarget "assessment1iOS" */ = {
			isa = XCConfigurationList;
			buildConfigurations = (
				DD2034CF2064319A00E51487 /* Debug */,
				DD2034D02064319A00E51487 /* Release */,
			);
			defaultConfigurationIsVisible = 0;
			defaultConfigurationName = Release;
		};
		DD2034D12064319A00E51487 /* Build configuration list for PBXNativeTarget "assessment1iOSTests" */ = {
			isa = XCConfigurationList;
			buildConfigurations = (
				DD2034D22064319A00E51487 /* Debug */,
				DD2034D32064319A00E51487 /* Release */,
			);
			defaultConfigurationIsVisible = 0;
			defaultConfigurationName = Release;
		};
		DD2034D42064319A00E51487 /* Build configuration list for PBXNativeTarget "assessment1iOSUITests" */ = {
			isa = XCConfigurationList;
			buildConfigurations = (
				DD2034D52064319A00E51487 /* Debug */,
				DD2034D62064319A00E51487 /* Release */,
			);
			defaultConfigurationIsVisible = 0;
			defaultConfigurationName = Release;
		};
/* End XCConfigurationList section */
	};
	rootObject = DD20349E2064319A00E51487 /* Project object */;
}
